
Microsoft Visual Studio Solution File, Format Version 12.00
# Visual Studio Version 16
VisualStudioVersion = 16.0.29905.134
MinimumVisualStudioVersion = 10.0.40219.1
Project("{FAE04EC0-301F-11D3-BF4B-00C04F79EFBC}") = "01_CafeMenuUI", "KomodoConsole\01_CafeMenuUI.csproj", "{C4BE3A76-7C2D-4ECA-91E6-EF8437542B60}"
EndProject
Project("{FAE04EC0-301F-11D3-BF4B-00C04F79EFBC}") = "02_KomodoInsurance", "02_KomodoInsurance\02_KomodoInsurance.csproj", "{E00B03DC-4AFE-4AED-B99A-A246B745CBA2}"
EndProject
Project("{FAE04EC0-301F-11D3-BF4B-00C04F79EFBC}") = "02_InsuranceUI", "02_InsuranceUI\02_InsuranceUI.csproj", "{08C6A1BF-3B5A-4AB6-BC74-68057C7876A1}"
EndProject
Project("{FAE04EC0-301F-11D3-BF4B-00C04F79EFBC}") = "02_InsuranceTest", "02_InsuranceTest\02_InsuranceTest.csproj", "{90092810-B42B-4C86-8B62-B6E4B105DE16}"
EndProject
Project("{FAE04EC0-301F-11D3-BF4B-00C04F79EFBC}") = "03_BadgesUI", "03_BadgesUI\03_BadgesUI.csproj", "{67AD93B8-CF3D-4AB1-8DEC-FE8FA44FE3B5}"
EndProject
Project("{FAE04EC0-301F-11D3-BF4B-00C04F79EFBC}") = "03_Badges", "03_Badges\03_Badges.csproj", "{04C85C57-9378-4411-8F74-3FD9D8A80966}"
EndProject
Project("{FAE04EC0-301F-11D3-BF4B-00C04F79EFBC}") = "03_BadgesTesting", "03_BadgesTesting\03_BadgesTesting.csproj", "{73F28F55-FCAF-4867-8356-D939FF5E858A}"
EndProject
Project("{FAE04EC0-301F-11D3-BF4B-00C04F79EFBC}") = "01_CafeMenuRepo", "01_CafeRepo\01_CafeMenuRepo.csproj", "{02688CFA-9CA3-4CC8-85FA-BCEE1CDE3821}"
EndProject
Project("{FAE04EC0-301F-11D3-BF4B-00C04F79EFBC}") = "01_CafeMenuTests", "01_CafeMenuTests\01_CafeMenuTests.csproj", "{5381898D-3FD5-4939-88D3-91987BF1B4F8}"
EndProject
Global
	GlobalSection(SolutionConfigurationPlatforms) = preSolution
		Debug|Any CPU = Debug|Any CPU
		Release|Any CPU = Release|Any CPU
	EndGlobalSection
	GlobalSection(ProjectConfigurationPlatforms) = postSolution
		{C4BE3A76-7C2D-4ECA-91E6-EF8437542B60}.Debug|Any CPU.ActiveCfg = Debug|Any CPU
		{C4BE3A76-7C2D-4ECA-91E6-EF8437542B60}.Debug|Any CPU.Build.0 = Debug|Any CPU
		{C4BE3A76-7C2D-4ECA-91E6-EF8437542B60}.Release|Any CPU.ActiveCfg = Release|Any CPU
		{C4BE3A76-7C2D-4ECA-91E6-EF8437542B60}.Release|Any CPU.Build.0 = Release|Any CPU
		{E00B03DC-4AFE-4AED-B99A-A246B745CBA2}.Debug|Any CPU.ActiveCfg = Debug|Any CPU
		{E00B03DC-4AFE-4AED-B99A-A246B745CBA2}.Debug|Any CPU.Build.0 = Debug|Any CPU
		{E00B03DC-4AFE-4AED-B99A-A246B745CBA2}.Release|Any CPU.ActiveCfg = Release|Any CPU
		{E00B03DC-4AFE-4AED-B99A-A246B745CBA2}.Release|Any CPU.Build.0 = Release|Any CPU
		{08C6A1BF-3B5A-4AB6-BC74-68057C7876A1}.Debug|Any CPU.ActiveCfg = Debug|Any CPU
		{08C6A1BF-3B5A-4AB6-BC74-68057C7876A1}.Debug|Any CPU.Build.0 = Debug|Any CPU
		{08C6A1BF-3B5A-4AB6-BC74-68057C7876A1}.Release|Any CPU.ActiveCfg = Release|Any CPU
		{08C6A1BF-3B5A-4AB6-BC74-68057C7876A1}.Release|Any CPU.Build.0 = Release|Any CPU
		{90092810-B42B-4C86-8B62-B6E4B105DE16}.Debug|Any CPU.ActiveCfg = Debug|Any CPU
		{90092810-B42B-4C86-8B62-B6E4B105DE16}.Debug|Any CPU.Build.0 = Debug|Any CPU
		{90092810-B42B-4C86-8B62-B6E4B105DE16}.Release|Any CPU.ActiveCfg = Release|Any CPU
		{90092810-B42B-4C86-8B62-B6E4B105DE16}.Release|Any CPU.Build.0 = Release|Any CPU
		{67AD93B8-CF3D-4AB1-8DEC-FE8FA44FE3B5}.Debug|Any CPU.ActiveCfg = Debug|Any CPU
		{67AD93B8-CF3D-4AB1-8DEC-FE8FA44FE3B5}.Debug|Any CPU.Build.0 = Debug|Any CPU
		{67AD93B8-CF3D-4AB1-8DEC-FE8FA44FE3B5}.Release|Any CPU.ActiveCfg = Release|Any CPU
		{67AD93B8-CF3D-4AB1-8DEC-FE8FA44FE3B5}.Release|Any CPU.Build.0 = Release|Any CPU
		{04C85C57-9378-4411-8F74-3FD9D8A80966}.Debug|Any CPU.ActiveCfg = Debug|Any CPU
		{04C85C57-9378-4411-8F74-3FD9D8A80966}.Debug|Any CPU.Build.0 = Debug|Any CPU
		{04C85C57-9378-4411-8F74-3FD9D8A80966}.Release|Any CPU.ActiveCfg = Release|Any CPU
		{04C85C57-9378-4411-8F74-3FD9D8A80966}.Release|Any CPU.Build.0 = Release|Any CPU
		{73F28F55-FCAF-4867-8356-D939FF5E858A}.Debug|Any CPU.ActiveCfg = Debug|Any CPU
		{73F28F55-FCAF-4867-8356-D939FF5E858A}.Debug|Any CPU.Build.0 = Debug|Any CPU
		{73F28F55-FCAF-4867-8356-D939FF5E858A}.Release|Any CPU.ActiveCfg = Release|Any CPU
		{73F28F55-FCAF-4867-8356-D939FF5E858A}.Release|Any CPU.Build.0 = Release|Any CPU
		{02688CFA-9CA3-4CC8-85FA-BCEE1CDE3821}.Debug|Any CPU.ActiveCfg = Debug|Any CPU
		{02688CFA-9CA3-4CC8-85FA-BCEE1CDE3821}.Debug|Any CPU.Build.0 = Debug|Any CPU
		{02688CFA-9CA3-4CC8-85FA-BCEE1CDE3821}.Release|Any CPU.ActiveCfg = Release|Any CPU
		{02688CFA-9CA3-4CC8-85FA-BCEE1CDE3821}.Release|Any CPU.Build.0 = Release|Any CPU
		{5381898D-3FD5-4939-88D3-91987BF1B4F8}.Debug|Any CPU.ActiveCfg = Debug|Any CPU
		{5381898D-3FD5-4939-88D3-91987BF1B4F8}.Debug|Any CPU.Build.0 = Debug|Any CPU
		{5381898D-3FD5-4939-88D3-91987BF1B4F8}.Release|Any CPU.ActiveCfg = Release|Any CPU
		{5381898D-3FD5-4939-88D3-91987BF1B4F8}.Release|Any CPU.Build.0 = Release|Any CPU
	EndGlobalSection
	GlobalSection(SolutionProperties) = preSolution
		HideSolutionNode = FALSE
	EndGlobalSection
	GlobalSection(ExtensibilityGlobals) = postSolution
		SolutionGuid = {4F1C0218-D52A-4BFB-A3E8-ECECEAF5EAB0}
	EndGlobalSection
EndGlobal
